Microsoft Visual Studio Solution File, Format Version 12.00
# Visual Studio Version 17
VisualStudioVersion = 17.5.2.0
MinimumVisualStudioVersion = 10.0.40219.1
Project("{FAE04EC0-301F-11D3-BF4B-00C04F79EFBC}") = "ViewInventory", "ViewInventory.csproj", "{B3B160A8-CBC3-21E1-6F19-909E5903A237}"
EndProject
Global
	GlobalSection(SolutionConfigurationPlatforms) = preSolution
		Debug|Any CPU = Debug|Any CPU
		Release|Any CPU = Release|Any CPU
	EndGlobalSection
	GlobalSection(ProjectConfigurationPlatforms) = postSolution
		{B3B160A8-CBC3-21E1-6F19-909E5903A237}.Debug|Any CPU.ActiveCfg = Debug|Any CPU
		{B3B160A8-CBC3-21E1-6F19-909E5903A237}.Debug|Any CPU.Build.0 = Debug|Any CPU
		{B3B160A8-CBC3-21E1-6F19-909E5903A237}.Release|Any CPU.ActiveCfg = Release|Any CPU
		{B3B160A8-CBC3-21E1-6F19-909E5903A237}.Release|Any CPU.Build.0 = Release|Any CPU
	EndGlobalSection
	GlobalSection(SolutionProperties) = preSolution
		HideSolutionNode = FALSE
	EndGlobalSection
	GlobalSection(ExtensibilityGlobals) = postSolution
		SolutionGuid = {284E8D11-664A-4984-9372-348505DF1BE2}
	EndGlobalSection
EndGlobal
